
Microsoft Visual Studio Solution File, Format Version 12.00
# Visual Studio Version 17
VisualStudioVersion = 17.14.36301.6
MinimumVisualStudioVersion = 10.0.40219.1
Project("{FAE04EC0-301F-11D3-BF4B-00C04F79EFBC}") = "RcTireManager", "RcTireManager\RcTireManager.csproj", "{31960B6E-9BD5-42A8-8A01-41694069518E}"
EndProject
Project("{FAE04EC0-301F-11D3-BF4B-00C04F79EFBC}") = "RcTireManager.Data", "RcTireManager.Data\RcTireManager.Data.csproj", "{03E12604-0C3D-4D9A-8F89-3DCD6BCFA01B}"
EndProject
Project("{FAE04EC0-301F-11D3-BF4B-00C04F79EFBC}") = "RcTireManager.Logic", "RcTireManager.Logic\RcTireManager.Logic.csproj", "{814F7896-D45B-41BB-9439-4FBD2CDA2EE6}"
EndProject
Project("{FAE04EC0-301F-11D3-BF4B-00C04F79EFBC}") = "RcTireManager.Viewmodels", "RcTireManager.Viewmodels\RcTireManager.Viewmodels.csproj", "{187D487E-D5B0-4B11-B721-018679220355}"
EndProject
Project("{FAE04EC0-301F-11D3-BF4B-00C04F79EFBC}") = "RcTireManager.Interfaces", "RcTireManager.Interfaces\RcTireManager.Interfaces.csproj", "{62F47E59-9027-4481-8545-8A811C05B1CC}"
EndProject
Global
	GlobalSection(SolutionConfigurationPlatforms) = preSolution
		Debug|Any CPU = Debug|Any CPU
		Release|Any CPU = Release|Any CPU
	EndGlobalSection
	GlobalSection(ProjectConfigurationPlatforms) = postSolution
		{31960B6E-9BD5-42A8-8A01-41694069518E}.Debug|Any CPU.ActiveCfg = Debug|Any CPU
		{31960B6E-9BD5-42A8-8A01-41694069518E}.Debug|Any CPU.Build.0 = Debug|Any CPU
		{31960B6E-9BD5-42A8-8A01-41694069518E}.Release|Any CPU.ActiveCfg = Release|Any CPU
		{31960B6E-9BD5-42A8-8A01-41694069518E}.Release|Any CPU.Build.0 = Release|Any CPU
		{03E12604-0C3D-4D9A-8F89-3DCD6BCFA01B}.Debug|Any CPU.ActiveCfg = Debug|Any CPU
		{03E12604-0C3D-4D9A-8F89-3DCD6BCFA01B}.Debug|Any CPU.Build.0 = Debug|Any CPU
		{03E12604-0C3D-4D9A-8F89-3DCD6BCFA01B}.Release|Any CPU.ActiveCfg = Release|Any CPU
		{03E12604-0C3D-4D9A-8F89-3DCD6BCFA01B}.Release|Any CPU.Build.0 = Release|Any CPU
		{814F7896-D45B-41BB-9439-4FBD2CDA2EE6}.Debug|Any CPU.ActiveCfg = Debug|Any CPU
		{814F7896-D45B-41BB-9439-4FBD2CDA2EE6}.Debug|Any CPU.Build.0 = Debug|Any CPU
		{814F7896-D45B-41BB-9439-4FBD2CDA2EE6}.Release|Any CPU.ActiveCfg = Release|Any CPU
		{814F7896-D45B-41BB-9439-4FBD2CDA2EE6}.Release|Any CPU.Build.0 = Release|Any CPU
		{187D487E-D5B0-4B11-B721-018679220355}.Debug|Any CPU.ActiveCfg = Debug|Any CPU
		{187D487E-D5B0-4B11-B721-018679220355}.Debug|Any CPU.Build.0 = Debug|Any CPU
		{187D487E-D5B0-4B11-B721-018679220355}.Release|Any CPU.ActiveCfg = Release|Any CPU
		{187D487E-D5B0-4B11-B721-018679220355}.Release|Any CPU.Build.0 = Release|Any CPU
		{62F47E59-9027-4481-8545-8A811C05B1CC}.Debug|Any CPU.ActiveCfg = Debug|Any CPU
		{62F47E59-9027-4481-8545-8A811C05B1CC}.Debug|Any CPU.Build.0 = Debug|Any CPU
		{62F47E59-9027-4481-8545-8A811C05B1CC}.Release|Any CPU.ActiveCfg = Release|Any CPU
		{62F47E59-9027-4481-8545-8A811C05B1CC}.Release|Any CPU.Build.0 = Release|Any CPU
	EndGlobalSection
	GlobalSection(SolutionProperties) = preSolution
		HideSolutionNode = FALSE
	EndGlobalSection
	GlobalSection(ExtensibilityGlobals) = postSolution
		SolutionGuid = {3248AFB2-C45A-4C70-AD79-DF758D8DE8D9}
	EndGlobalSection
EndGlobal
